
Microsoft Visual Studio Solution File, Format Version 12.00
# Visual Studio Version 17
VisualStudioVersion = 17.13.35828.75
MinimumVisualStudioVersion = 10.0.40219.1
Project("{FAE04EC0-301F-11D3-BF4B-00C04F79EFBC}") = "WebAPI", "AXA_TEST_CASE\WebAPI.csproj", "{DE0C5982-2F7F-448B-BA88-3ED565B473B7}"
EndProject
Project("{FAE04EC0-301F-11D3-BF4B-00C04F79EFBC}") = "BlazorServer", "BlazorServer\BlazorServer.csproj", "{BA500CE0-74A6-4895-A0CE-6429312C1F9A}"
EndProject
Global
	GlobalSection(SolutionConfigurationPlatforms) = preSolution
		Debug|Any CPU = Debug|Any CPU
		Release|Any CPU = Release|Any CPU
	EndGlobalSection
	GlobalSection(ProjectConfigurationPlatforms) = postSolution
		{DE0C5982-2F7F-448B-BA88-3ED565B473B7}.Debug|Any CPU.ActiveCfg = Debug|Any CPU
		{DE0C5982-2F7F-448B-BA88-3ED565B473B7}.Debug|Any CPU.Build.0 = Debug|Any CPU
		{DE0C5982-2F7F-448B-BA88-3ED565B473B7}.Release|Any CPU.ActiveCfg = Release|Any CPU
		{DE0C5982-2F7F-448B-BA88-3ED565B473B7}.Release|Any CPU.Build.0 = Release|Any CPU
		{BA500CE0-74A6-4895-A0CE-6429312C1F9A}.Debug|Any CPU.ActiveCfg = Debug|Any CPU
		{BA500CE0-74A6-4895-A0CE-6429312C1F9A}.Debug|Any CPU.Build.0 = Debug|Any CPU
		{BA500CE0-74A6-4895-A0CE-6429312C1F9A}.Release|Any CPU.ActiveCfg = Release|Any CPU
		{BA500CE0-74A6-4895-A0CE-6429312C1F9A}.Release|Any CPU.Build.0 = Release|Any CPU
	EndGlobalSection
	GlobalSection(SolutionProperties) = preSolution
		HideSolutionNode = FALSE
	EndGlobalSection
	GlobalSection(ExtensibilityGlobals) = postSolution
		SolutionGuid = {15979DA9-DDEE-408F-A377-B58DDBD6DB5C}
	EndGlobalSection
EndGlobal
